// !$*UTF8*$!
{
	archiveVersion = 1;
	classes = {
	};
	objectVersion = 46;
	objects = {

/* Begin PBXBuildFile section */
		D671CDED1D2CFDC4003C3D05 /* main.m in Sources */ = {isa = PBXBuildFile; fileRef = D671CDEC1D2CFDC4003C3D05 /* main.m */; };
		D671CDF01D2CFDC4003C3D05 /* AppDelegate.m in Sources */ = {isa = PBXBuildFile; fileRef = D671CDEF1D2CFDC4003C3D05 /* AppDelegate.m */; };
		D671CDF31D2CFDC4003C3D05 /* ViewController.m in Sources */ = {isa = PBXBuildFile; fileRef = D671CDF21D2CFDC4003C3D05 /* ViewController.m */; };
		D671CDF61D2CFDC4003C3D05 /* Main.storyboard in Resources */ = {isa = PBXBuildFile; fileRef = D671CDF41D2CFDC4003C3D05 /* Main.storyboard */; };
		D671CDF81D2CFDC4003C3D05 /* Assets.xcassets in Resources */ = {isa = PBXBuildFile; fileRef = D671CDF71D2CFDC4003C3D05 /* Assets.xcassets */; };
		D671CDFB1D2CFDC4003C3D05 /* LaunchScreen.storyboard in Resources */ = {isa = PBXBuildFile; fileRef = D671CDF91D2CFDC4003C3D05 /* LaunchScreen.storyboard */; };
		D671CE061D2CFDC4003C3D05 /* BetaDemoTests.m in Sources */ = {isa = PBXBuildFile; fileRef = D671CE051D2CFDC4003C3D05 /* BetaDemoTests.m */; };
		D671CE111D2CFDC4003C3D05 /* BetaDemoUITests.m in Sources */ = {isa = PBXBuildFile; fileRef = D671CE101D2CFDC4003C3D05 /* BetaDemoUITests.m */; };
		D671CE1F1D2D0235003C3D05 /* logo.jpeg in Resources */ = {isa = PBXBuildFile; fileRef = D671CE1E1D2D0235003C3D05 /* logo.jpeg */; };
/* End PBXBuildFile section */

/* Begin PBXContainerItemProxy section */
		D671CE021D2CFDC4003C3D05 /* PBXContainerItemProxy */ = {
			isa = PBXContainerItemProxy;
			containerPortal = D671CDE01D2CFDC4003C3D05 /* Project object */;
			proxyType = 1;
			remoteGlobalIDString = D671CDE71D2CFDC4003C3D05;
			remoteInfo = BetaDemo;
		};
		D671CE0D1D2CFDC4003C3D05 /* PBXContainerItemProxy */ = {
			isa = PBXContainerItemProxy;
			containerPortal = D671CDE01D2CFDC4003C3D05 /* Project object */;
			proxyType = 1;
			remoteGlobalIDString = D671CDE71D2CFDC4003C3D05;
			remoteInfo = BetaDemo;
		};
/* End PBXContainerItemProxy section */

/* Begin PBXFileReference section */
		D671CDE81D2CFDC4003C3D05 /* BetaDemo.app */ = {isa = PBXFileReference; explicitFileType = wrapper.application; includeInIndex = 0; path = BetaDemo.app; sourceTree = BUILT_PRODUCTS_DIR; };
		D671CDEC1D2CFDC4003C3D05 /* main.m */ = {isa = PBXFileReference; lastKnownFileType = sourcecode.c.objc; path = main.m; sourceTree = "<group>"; };
		D671CDEE1D2CFDC4003C3D05 /* AppDelegate.h */ = {isa = PBXFileReference; lastKnownFileType = sourcecode.c.h; path = AppDelegate.h; sourceTree = "<group>"; };
		D671CDEF1D2CFDC4003C3D05 /* AppDelegate.m */ = {isa = PBXFileReference; lastKnownFileType = sourcecode.c.objc; path = AppDelegate.m; sourceTree = "<group>"; };
		D671CDF11D2CFDC4003C3D05 /* ViewController.h */ = {isa = PBXFileReference; lastKnownFileType = sourcecode.c.h; path = ViewController.h; sourceTree = "<group>"; };
		D671CDF21D2CFDC4003C3D05 /* ViewController.m */ = {isa = PBXFileReference; lastKnownFileType = sourcecode.c.objc; path = ViewController.m; sourceTree = "<group>"; };
		D671CDF51D2CFDC4003C3D05 /* Base */ = {isa = PBXFileReference; lastKnownFileType = file.storyboard; name = Base; path = Base.lproj/Main.storyboard; sourceTree = "<group>"; };
		D671CDF71D2CFDC4003C3D05 /* Assets.xcassets */ = {isa = PBXFileReference; lastKnownFileType = folder.assetcatalog; path = Assets.xcassets; sourceTree = "<group>"; };
		D671CDFA1D2CFDC4003C3D05 /* Base */ = {isa = PBXFileReference; lastKnownFileType = file.storyboard; name = Base; path = Base.lproj/LaunchScreen.storyboard; sourceTree = "<group>"; };
		D671CDFC1D2CFDC4003C3D05 /* Info.plist */ = {isa = PBXFileReference; lastKnownFileType = text.plist.xml; path = Info.plist; sourceTree = "<group>"; };
		D671CE011D2CFDC4003C3D05 /* BetaDemoTests.xctest */ = {isa = PBXFileReference; explicitFileType = wrapper.cfbundle; includeInIndex = 0; path = BetaDemoTests.xctest; sourceTree = BUILT_PRODUCTS_DIR; };
		D671CE051D2CFDC4003C3D05 /* BetaDemoTests.m */ = {isa = PBXFileReference; lastKnownFileType = sourcecode.c.objc; path = BetaDemoTests.m; sourceTree = "<group>"; };
		D671CE071D2CFDC4003C3D05 /* Info.plist */ = {isa = PBXFileReference; lastKnownFileType = text.plist.xml; path = Info.plist; sourceTree = "<group>"; };
		D671CE0C1D2CFDC4003C3D05 /* BetaDemoUITests.xctest */ = {isa = PBXFileReference; explicitFileType = wrapper.cfbundle; includeInIndex = 0; path = BetaDemoUITests.xctest; sourceTree = BUILT_PRODUCTS_DIR; };
		D671CE101D2CFDC4003C3D05 /* BetaDemoUITests.m */ = {isa = PBXFileReference; lastKnownFileType = sourcecode.c.objc; path = BetaDemoUITests.m; sourceTree = "<group>"; };
		D671CE121D2CFDC4003C3D05 /* Info.plist */ = {isa = PBXFileReference; lastKnownFileType = text.plist.xml; path = Info.plist; sourceTree = "<group>"; };
		D671CE1E1D2D0235003C3D05 /* logo.jpeg */ = {isa = PBXFileReference; lastKnownFileType = image.jpeg; path = logo.jpeg; sourceTree = "<group>"; };
/* End PBXFileReference section */

/* Begin PBXFrameworksBuildPhase section */
		D671CDE51D2CFDC4003C3D05 /* Frameworks */ = {
			isa = PBXFrameworksBuildPhase;
			buildActionMask = 2147483647;
			files = (
			);
			runOnlyForDeploymentPostprocessing = 0;
		};
		D671CDFE1D2CFDC4003C3D05 /* Frameworks */ = {
			isa = PBXFrameworksBuildPhase;
			buildActionMask = 2147483647;
			files = (
			);
			runOnlyForDeploymentPostprocessing = 0;
		};
		D671CE091D2CFDC4003C3D05 /* Frameworks */ = {
			isa = PBXFrameworksBuildPhase;
			buildActionMask = 2147483647;
			files = (
			);
			runOnlyForDeploymentPostprocessing = 0;
		};
/* End PBXFrameworksBuildPhase section */

/* Begin PBXGroup section */
		D671CDDF1D2CFDC4003C3D05 = {
			isa = PBXGroup;
			children = (
				D671CDEA1D2CFDC4003C3D05 /* BetaDemo */,
				D671CE041D2CFDC4003C3D05 /* BetaDemoTests */,
				D671CE0F1D2CFDC4003C3D05 /* BetaDemoUITests */,
				D671CDE91D2CFDC4003C3D05 /* Products */,
			);
			sourceTree = "<group>";
		};
		D671CDE91D2CFDC4003C3D05 /* Products */ = {
			isa = PBXGroup;
			children = (
				D671CDE81D2CFDC4003C3D05 /* BetaDemo.app */,
				D671CE011D2CFDC4003C3D05 /* BetaDemoTests.xctest */,
				D671CE0C1D2CFDC4003C3D05 /* BetaDemoUITests.xctest */,
			);
			name = Products;
			sourceTree = "<group>";
		};
		D671CDEA1D2CFDC4003C3D05 /* BetaDemo */ = {
			isa = PBXGroup;
			children = (
				D671CE1E1D2D0235003C3D05 /* logo.jpeg */,
				D671CDEE1D2CFDC4003C3D05 /* AppDelegate.h */,
				D671CDEF1D2CFDC4003C3D05 /* AppDelegate.m */,
				D671CDF11D2CFDC4003C3D05 /* ViewController.h */,
				D671CDF21D2CFDC4003C3D05 /* ViewController.m */,
				D671CDF41D2CFDC4003C3D05 /* Main.storyboard */,
				D671CDF71D2CFDC4003C3D05 /* Assets.xcassets */,
				D671CDF91D2CFDC4003C3D05 /* LaunchScreen.storyboard */,
				D671CDFC1D2CFDC4003C3D05 /* Info.plist */,
				D671CDEB1D2CFDC4003C3D05 /* Supporting Files */,
			);
			path = BetaDemo;
			sourceTree = "<group>";
		};
		D671CDEB1D2CFDC4003C3D05 /* Supporting Files */ = {
			isa = PBXGroup;
			children = (
				D671CDEC1D2CFDC4003C3D05 /* main.m */,
			);
			name = "Supporting Files";
			sourceTree = "<group>";
		};
		D671CE041D2CFDC4003C3D05 /* BetaDemoTests */ = {
			isa = PBXGroup;
			children = (
				D671CE051D2CFDC4003C3D05 /* BetaDemoTests.m */,
				D671CE071D2CFDC4003C3D05 /* Info.plist */,
			);
			path = BetaDemoTests;
			sourceTree = "<group>";
		};
		D671CE0F1D2CFDC4003C3D05 /* BetaDemoUITests */ = {
			isa = PBXGroup;
			children = (
				D671CE101D2CFDC4003C3D05 /* BetaDemoUITests.m */,
				D671CE121D2CFDC4003C3D05 /* Info.plist */,
			);
			path = BetaDemoUITests;
			sourceTree = "<group>";
		};
/* End PBXGroup section */

/* Begin PBXNativeTarget section */
		D671CDE71D2CFDC4003C3D05 /* BetaDemo */ = {
			isa = PBXNativeTarget;
			buildConfigurationList = D671CE151D2CFDC4003C3D05 /* Build configuration list for PBXNativeTarget "BetaDemo" */;
			buildPhases = (
				D671CDE41D2CFDC4003C3D05 /* Sources */,
				D671CDE51D2CFDC4003C3D05 /* Frameworks */,
				D671CDE61D2CFDC4003C3D05 /* Resources */,
			);
			buildRules = (
			);
			dependencies = (
			);
			name = BetaDemo;
			productName = BetaDemo;
			productReference = D671CDE81D2CFDC4003C3D05 /* BetaDemo.app */;
			productType = "com.apple.product-type.application";
		};
		D671CE001D2CFDC4003C3D05 /* BetaDemoTests */ = {
			isa = PBXNativeTarget;
			buildConfigurationList = D671CE181D2CFDC4003C3D05 /* Build configuration list for PBXNativeTarget "BetaDemoTests" */;
			buildPhases = (
				D671CDFD1D2CFDC4003C3D05 /* Sources */,
				D671CDFE1D2CFDC4003C3D05 /* Frameworks */,
				D671CDFF1D2CFDC4003C3D05 /* Resources */,
			);
			buildRules = (
			);
			dependencies = (
				D671CE031D2CFDC4003C3D05 /* PBXTargetDependency */,
			);
			name = BetaDemoTests;
			productName = BetaDemoTests;
			productReference = D671CE011D2CFDC4003C3D05 /* BetaDemoTests.xctest */;
			productType = "com.apple.product-type.bundle.unit-test";
		};
		D671CE0B1D2CFDC4003C3D05 /* BetaDemoUITests */ = {
			isa = PBXNativeTarget;
			buildConfigurationList = D671CE1B1D2CFDC4003C3D05 /* Build configuration list for PBXNativeTarget "BetaDemoUITests" */;
			buildPhases = (
				D671CE081D2CFDC4003C3D05 /* Sources */,
				D671CE091D2CFDC4003C3D05 /* Frameworks */,
				D671CE0A1D2CFDC4003C3D05 /* Resources */,
			);
			buildRules = (
			);
			dependencies = (
				D671CE0E1D2CFDC4003C3D05 /* PBXTargetDependency */,
			);
			name = BetaDemoUITests;
			productName = BetaDemoUITests;
			productReference = D671CE0C1D2CFDC4003C3D05 /* BetaDemoUITests.xctest */;
			productType = "com.apple.product-type.bundle.ui-testing";
		};
/* End PBXNativeTarget section */

/* Begin PBXProject section */
		D671CDE01D2CFDC4003C3D05 /* Project object */ = {
			isa = PBXProject;
			attributes = {
				LastUpgradeCheck = 0730;
				ORGANIZATIONNAME = "李雄";
				TargetAttributes = {
					D671CDE71D2CFDC4003C3D05 = {
						CreatedOnToolsVersion = 7.3.1;
					};
					D671CE001D2CFDC4003C3D05 = {
						CreatedOnToolsVersion = 7.3.1;
						TestTargetID = D671CDE71D2CFDC4003C3D05;
					};
					D671CE0B1D2CFDC4003C3D05 = {
						CreatedOnToolsVersion = 7.3.1;
						TestTargetID = D671CDE71D2CFDC4003C3D05;
					};
				};
			};
			buildConfigurationList = D671CDE31D2CFDC4003C3D05 /* Build configuration list for PBXProject "BetaDemo" */;
			compatibilityVersion = "Xcode 3.2";
			developmentRegion = English;
			hasScannedForEncodings = 0;
			knownRegions = (
				en,
				Base,
			);
			mainGroup = D671CDDF1D2CFDC4003C3D05;
			productRefGroup = D671CDE91D2CFDC4003C3D05 /* Products */;
			projectDirPath = "";
			projectRoot = "";
			targets = (
				D671CDE71D2CFDC4003C3D05 /* BetaDemo */,
				D671CE001D2CFDC4003C3D05 /* BetaDemoTests */,
				D671CE0B1D2CFDC4003C3D05 /* BetaDemoUITests */,
			);
		};
/* End PBXProject section */

/* Begin PBXResourcesBuildPhase section */
		D671CDE61D2CFDC4003C3D05 /* Resources */ = {
			isa = PBXResourcesBuildPhase;
			buildActionMask = 2147483647;
			files = (
				D671CDFB1D2CFDC4003C3D05 /* LaunchScreen.storyboard in Resources */,
				D671CDF81D2CFDC4003C3D05 /* Assets.xcassets in Resources */,
				D671CE1F1D2D0235003C3D05 /* logo.jpeg in Resources */,
				D671CDF61D2CFDC4003C3D05 /* Main.storyboard in Resources */,
			);
			runOnlyForDeploymentPostprocessing = 0;
		};
		D671CDFF1D2CFDC4003C3D05 /* Resources */ = {
			isa = PBXResourcesBuildPhase;
			buildActionMask = 2147483647;
			files = (
			);
			runOnlyForDeploymentPostprocessing = 0;
		};
		D671CE0A1D2CFDC4003C3D05 /* Resources */ = {
			isa = PBXResourcesBuildPhase;
			buildActionMask = 2147483647;
			files = (
			);
			runOnlyForDeploymentPostprocessing = 0;
		};
/* End PBXResourcesBuildPhase section */

/* Begin PBXSourcesBuildPhase section */
		D671CDE41D2CFDC4003C3D05 /* Sources */ = {
			isa = PBXSourcesBuildPhase;
			buildActionMask = 2147483647;
			files = (
				D671CDF31D2CFDC4003C3D05 /* ViewController.m in Sources */,
				D671CDF01D2CFDC4003C3D05 /* AppDelegate.m in Sources */,
				D671CDED1D2CFDC4003C3D05 /* main.m in Sources */,
			);
			runOnlyForDeploymentPostprocessing = 0;
		};
		D671CDFD1D2CFDC4003C3D05 /* Sources */ = {
			isa = PBXSourcesBuildPhase;
			buildActionMask = 2147483647;
			files = (
				D671CE061D2CFDC4003C3D05 /* BetaDemoTests.m in Sources */,
			);
			runOnlyForDeploymentPostprocessing = 0;
		};
		D671CE081D2CFDC4003C3D05 /* Sources */ = {
			isa = PBXSourcesBuildPhase;
			buildActionMask = 2147483647;
			files = (
				D671CE111D2CFDC4003C3D05 /* BetaDemoUITests.m in Sources */,
			);
			runOnlyForDeploymentPostprocessing = 0;
		};
/* End PBXSourcesBuildPhase section */

/* Begin PBXTargetDependency section */
		D671CE031D2CFDC4003C3D05 /* PBXTargetDependency */ = {
			isa = PBXTargetDependency;
			target = D671CDE71D2CFDC4003C3D05 /* BetaDemo */;
			targetProxy = D671CE021D2CFDC4003C3D05 /* PBXContainerItemProxy */;
		};
		D671CE0E1D2CFDC4003C3D05 /* PBXTargetDependency */ = {
			isa = PBXTargetDependency;
			target = D671CDE71D2CFDC4003C3D05 /* BetaDemo */;
			targetProxy = D671CE0D1D2CFDC4003C3D05 /* PBXContainerItemProxy */;
		};
/* End PBXTargetDependency section */

/* Begin PBXVariantGroup section */
		D671CDF41D2CFDC4003C3D05 /* Main.storyboard */ = {
			isa = PBXVariantGroup;
			children = (
				D671CDF51D2CFDC4003C3D05 /* Base */,
			);
			name = Main.storyboard;
			sourceTree = "<group>";
		};
		D671CDF91D2CFDC4003C3D05 /* LaunchScreen.storyboard */ = {
			isa = PBXVariantGroup;
			children = (
				D671CDFA1D2CFDC4003C3D05 /* Base */,
			);
			name = LaunchScreen.storyboard;
			sourceTree = "<group>";
		};
/* End PBXVariantGroup section */

/* Begin XCBuildConfiguration section */
		D671CE131D2CFDC4003C3D05 /* Debug */ = {
			isa = XCBuildConfiguration;
			buildSettings = {
				ALWAYS_SEARCH_USER_PATHS = NO;
				CLANG_ANALYZER_NONNULL = YES;
				CLANG_CXX_LANGUAGE_STANDARD = "gnu++0x";
				CLANG_CXX_LIBRARY = "libc++";
				CLANG_ENABLE_MODULES = YES;
				CLANG_ENABLE_OBJC_ARC = YES;
				CLANG_WARN_BOOL_CONVERSION = YES;
				CLANG_WARN_CONSTANT_CONVERSION = YES;
				CLANG_WARN_DIRECT_OBJC_ISA_USAGE = YES_ERROR;
				CLANG_WARN_EMPTY_BODY = YES;
				CLANG_WARN_ENUM_CONVERSION = YES;
				CLANG_WARN_INT_CONVERSION = YES;
				CLANG_WARN_OBJC_ROOT_CLASS = YES_ERROR;
				CLANG_WARN_UNREACHABLE_CODE = YES;
				CLANG_WARN__DUPLICATE_METHOD_MATCH = YES;
				"CODE_SIGN_IDENTITY[sdk=iphoneos*]" = "iPhone Developer";
				COPY_PHASE_STRIP = NO;
				DEBUG_INFORMATION_FORMAT = dwarf;
				ENABLE_STRICT_OBJC_MSGSEND = YES;
				ENABLE_TESTABILITY = YES;
				GCC_C_LANGUAGE_STANDARD = gnu99;
				GCC_DYNAMIC_NO_PIC = NO;
				GCC_NO_COMMON_BLOCKS = YES;
				GCC_OPTIMIZATION_LEVEL = 0;
				GCC_PREPROCESSOR_DEFINITIONS = (
					"DEBUG=1",
					"$(inherited)",
				);
				GCC_WARN_64_TO_32_BIT_CONVERSION = YES;
				GCC_WARN_ABOUT_RETURN_TYPE = YES_ERROR;
				GCC_WARN_UNDECLARED_SELECTOR = YES;
				GCC_WARN_UNINITIALIZED_AUTOS = YES_AGGRESSIVE;
				GCC_WARN_UNUSED_FUNCTION = YES;
				GCC_WARN_UNUSED_VARIABLE = YES;
				IPHONEOS_DEPLOYMENT_TARGET = 9.3;
				MTL_ENABLE_DEBUG_INFO = YES;
				ONLY_ACTIVE_ARCH = YES;
				SDKROOT = iphoneos;
			};
			name = Debug;
		};
		D671CE141D2CFDC4003C3D05 /* Release */ = {
			isa = XCBuildConfiguration;
			buildSettings = {
				ALWAYS_SEARCH_USER_PATHS = NO;
				CLANG_ANALYZER_NONNULL = YES;
				CLANG_CXX_LANGUAGE_STANDARD = "gnu++0x";
				CLANG_CXX_LIBRARY = "libc++";
				CLANG_ENABLE_MODULES = YES;
				CLANG_ENABLE_OBJC_ARC = YES;
				CLANG_WARN_BOOL_CONVERSION = YES;
				CLANG_WARN_CONSTANT_CONVERSION = YES;
				CLANG_WARN_DIRECT_OBJC_ISA_USAGE = YES_ERROR;
				CLANG_WARN_EMPTY_BODY = YES;
				CLANG_WARN_ENUM_CONVERSION = YES;
				CLANG_WARN_INT_CONVERSION = YES;
				CLANG_WARN_OBJC_ROOT_CLASS = YES_ERROR;
				CLANG_WARN_UNREACHABLE_CODE = YES;
				CLANG_WARN__DUPLICATE_METHOD_MATCH = YES;
				"CODE_SIGN_IDENTITY[sdk=iphoneos*]" = "iPhone Developer";
				COPY_PHASE_STRIP = NO;
				DEBUG_INFORMATION_FORMAT = "dwarf-with-dsym";
				ENABLE_NS_ASSERTIONS = NO;
				ENABLE_STRICT_OBJC_MSGSEND = YES;
				GCC_C_LANGUAGE_STANDARD = gnu99;
				GCC_NO_COMMON_BLOCKS = YES;
				GCC_WARN_64_TO_32_BIT_CONVERSION = YES;
				GCC_WARN_ABOUT_RETURN_TYPE = YES_ERROR;
				GCC_WARN_UNDECLARED_SELECTOR = YES;
				GCC_WARN_UNINITIALIZED_AUTOS = YES_AGGRESSIVE;
				GCC_WARN_UNUSED_FUNCTION = YES;
				GCC_WARN_UNUSED_VARIABLE = YES;
				IPHONEOS_DEPLOYMENT_TARGET = 9.3;
				MTL_ENABLE_DEBUG_INFO = NO;
				SDKROOT = iphoneos;
				VALIDATE_PRODUCT = YES;
			};
			name = Release;
		};
		D671CE161D2CFDC4003C3D05 /* Debug */ = {
			isa = XCBuildConfiguration;
			buildSettings = {
				ASSETCATALOG_COMPILER_APPICON_NAME = AppIcon;
				CODE_SIGN_IDENTITY = "iPhone Distribution: Shenzhen Shijitianyou Technology Limited Company";
				EMBED_ASSET_PACKS_IN_PRODUCT_BUNDLE = NO;
				INFOPLIST_FILE = BetaDemo/Info.plist;
				LD_RUNPATH_SEARCH_PATHS = "$(inherited) @executable_path/Frameworks";
				PRODUCT_BUNDLE_IDENTIFIER = con.abc.rdm;
				PRODUCT_NAME = "$(TARGET_NAME)";
				PROVISIONING_PROFILE = "39e6bc83-1c8c-47a8-b3f0-225c56aade9e";
			};
			name = Debug;
		};
		D671CE171D2CFDC4003C3D05 /* Release */ = {
			isa = XCBuildConfiguration;
			buildSettings = {
				ASSETCATALOG_COMPILER_APPICON_NAME = AppIcon;
				CODE_SIGN_IDENTITY = "iPhone Distribution: Shenzhen Shijitianyou Technology Limited Company";
				EMBED_ASSET_PACKS_IN_PRODUCT_BUNDLE = NO;
				INFOPLIST_FILE = BetaDemo/Info.plist;
				LD_RUNPATH_SEARCH_PATHS = "$(inherited) @executable_path/Frameworks";
				PRODUCT_BUNDLE_IDENTIFIER = con.abc.rdm;
				PRODUCT_NAME = "$(TARGET_NAME)";
				PROVISIONING_PROFILE = "39e6bc83-1c8c-47a8-b3f0-225c56aade9e";
			};
			name = Release;
		};
		D671CE191D2CFDC4003C3D05 /* Debug */ = {
			isa = XCBuildConfiguration;
			buildSettings = {
				BUNDLE_LOADER = "$(TEST_HOST)";
				INFOPLIST_FILE = BetaDemoTests/Info.plist;
				LD_RUNPATH_SEARCH_PATHS = "$(inherited) @executable_path/Frameworks @loader_path/Frameworks";
				PRODUCT_BUNDLE_IDENTIFIER = com.Beta.BetaDemoTests;
				PRODUCT_NAME = "$(TARGET_NAME)";
				TEST_HOST = "$(BUILT_PRODUCTS_DIR)/BetaDemo.app/BetaDemo";
			};
			name = Debug;
		};
		D671CE1A1D2CFDC4003C3D05 /* Release */ = {
			isa = XCBuildConfiguration;
			buildSettings = {
				BUNDLE_LOADER = "$(TEST_HOST)";
				INFOPLIST_FILE = BetaDemoTests/Info.plist;
				LD_RUNPATH_SEARCH_PATHS = "$(inherited) @executable_path/Frameworks @loader_path/Frameworks";
				PRODUCT_BUNDLE_IDENTIFIER = com.Beta.BetaDemoTests;
				PRODUCT_NAME = "$(TARGET_NAME)";
				TEST_HOST = "$(BUILT_PRODUCTS_DIR)/BetaDemo.app/BetaDemo";
			};
			name = Release;
		};
		D671CE1C1D2CFDC4003C3D05 /* Debug */ = {
			isa = XCBuildConfiguration;
			buildSettings = {
				INFOPLIST_FILE = BetaDemoUITests/Info.plist;
				LD_RUNPATH_SEARCH_PATHS = "$(inherited) @executable_path/Frameworks @loader_path/Frameworks";
				PRODUCT_BUNDLE_IDENTIFIER = com.Beta.BetaDemoUITests;
				PRODUCT_NAME = "$(TARGET_NAME)";
				TEST_TARGET_NAME = BetaDemo;
			};
			name = Debug;
		};
		D671CE1D1D2CFDC4003C3D05 /* Release */ = {
			isa = XCBuildConfiguration;
			buildSettings = {
				INFOPLIST_FILE = BetaDemoUITests/Info.plist;
				LD_RUNPATH_SEARCH_PATHS = "$(inherited) @executable_path/Frameworks @loader_path/Frameworks";
				PRODUCT_BUNDLE_IDENTIFIER = com.Beta.BetaDemoUITests;
				PRODUCT_NAME = "$(TARGET_NAME)";
				TEST_TARGET_NAME = BetaDemo;
			};
			name = Release;
		};
/* End XCBuildConfiguration section */

/* Begin XCConfigurationList section */
		D671CDE31D2CFDC4003C3D05 /* Build configuration list for PBXProject "BetaDemo" */ = {
			isa = XCConfigurationList;
			buildConfigurations = (
				D671CE131D2CFDC4003C3D05 /* Debug */,
				D671CE141D2CFDC4003C3D05 /* Release */,
			);
			defaultConfigurationIsVisible = 0;
			defaultConfigurationName = Release;
		};
		D671CE151D2CFDC4003C3D05 /* Build configuration list for PBXNativeTarget "BetaDemo" */ = {
			isa = XCConfigurationList;
			buildConfigurations = (
				D671CE161D2CFDC4003C3D05 /* Debug */,
				D671CE171D2CFDC4003C3D05 /* Release */,
			);
			defaultConfigurationIsVisible = 0;
			defaultConfigurationName = Release;
		};
		D671CE181D2CFDC4003C3D05 /* Build configuration list for PBXNativeTarget "BetaDemoTests" */ = {
			isa = XCConfigurationList;
			buildConfigurations = (
				D671CE191D2CFDC4003C3D05 /* Debug */,
				D671CE1A1D2CFDC4003C3D05 /* Release */,
			);
			defaultConfigurationIsVisible = 0;
			defaultConfigurationName = Release;
		};
		D671CE1B1D2CFDC4003C3D05 /* Build configuration list for PBXNativeTarget "BetaDemoUITests" */ = {
			isa = XCConfigurationList;
			buildConfigurations = (
				D671CE1C1D2CFDC4003C3D05 /* Debug */,
				D671CE1D1D2CFDC4003C3D05 /* Release */,
			);
			defaultConfigurationIsVisible = 0;
			defaultConfigurationName = Release;
		};
/* End XCConfigurationList section */
	};
	rootObject = D671CDE01D2CFDC4003C3D05 /* Project object */;
}
